{
  "version": 4,
  "terraform_version": "1.7.1",
  "serial": 147,
  "lineage": "96b445fe-2fe5-b3bc-19ab-282e328ee07d",
  "outputs": {},
  "resources": [
    {
      "mode": "data",
      "type": "aws_security_group",
      "name": "frontend_security",
      "provider": "provider[\"registry.terraform.io/hashicorp/aws\"]",
      "instances": [
        {
          "schema_version": 0,
          "attributes": {
            "arn": "arn:aws:ec2:eu-north-1:590183707361:security-group/sg-0cdaa94d1d97dc960",
            "description": "Managed by Terraform",
            "filter": null,
            "id": "sg-0cdaa94d1d97dc960",
            "name": "frontend_security",
            "tags": {},
            "timeouts": null,
            "vpc_id": "vpc-0334ddaeb1943f047"
          },
          "sensitive_attributes": []
        }
      ]
    },
    {
      "mode": "managed",
      "type": "aws_eip_association",
      "name": "frontend_association_EIP",
      "provider": "provider[\"registry.terraform.io/hashicorp/aws\"]",
      "instances": [
        {
          "schema_version": 0,
          "attributes": {
            "allocation_id": "eipalloc-09ffa3a87838fde99",
            "allow_reassociation": null,
            "id": "eipassoc-047bd0a2c180b85f8",
            "instance_id": "i-0ddcd8b51bf7ea7b9",
            "network_interface_id": "eni-0a66f30997efd4df0",
            "private_ip_address": "172.31.35.150",
            "public_ip": "16.16.55.245"
          },
          "sensitive_attributes": [],
          "private": "bnVsbA==",
          "dependencies": [
            "aws_instance.frontend_prod_instance",
            "data.aws_security_group.frontend_security"
          ]
        }
      ]
    },
    {
      "mode": "managed",
      "type": "aws_instance",
      "name": "frontend_prod_instance",
      "provider": "provider[\"registry.terraform.io/hashicorp/aws\"]",
      "instances": [
        {
          "schema_version": 1,
          "attributes": {
            "ami": "ami-0506d6d51f1916a96",
            "arn": "arn:aws:ec2:eu-north-1:590183707361:instance/i-0ddcd8b51bf7ea7b9",
            "associate_public_ip_address": true,
            "availability_zone": "eu-north-1b",
            "capacity_reservation_specification": [
              {
                "capacity_reservation_preference": "open",
                "capacity_reservation_target": []
              }
            ],
            "cpu_core_count": 1,
            "cpu_options": [
              {
                "amd_sev_snp": "",
                "core_count": 1,
                "threads_per_core": 2
              }
            ],
            "cpu_threads_per_core": 2,
            "credit_specification": [
              {
                "cpu_credits": "unlimited"
              }
            ],
            "disable_api_stop": false,
            "disable_api_termination": false,
            "ebs_block_device": [],
            "ebs_optimized": false,
            "enclave_options": [
              {
                "enabled": false
              }
            ],
            "ephemeral_block_device": [],
            "get_password_data": false,
            "hibernation": false,
            "host_id": "",
            "host_resource_group_arn": null,
            "iam_instance_profile": "",
            "id": "i-0ddcd8b51bf7ea7b9",
            "instance_initiated_shutdown_behavior": "stop",
            "instance_state": "running",
            "instance_type": "t3.micro",
            "ipv6_address_count": 0,
            "ipv6_addresses": [],
            "key_name": "frontend",
            "launch_template": [],
            "maintenance_options": [
              {
                "auto_recovery": "default"
              }
            ],
            "metadata_options": [
              {
                "http_endpoint": "enabled",
                "http_put_response_hop_limit": 1,
                "http_tokens": "optional",
                "instance_metadata_tags": "disabled"
              }
            ],
            "monitoring": false,
            "network_interface": [],
            "outpost_arn": "",
            "password_data": "",
            "placement_group": "",
            "placement_partition_number": 0,
            "primary_network_interface_id": "eni-0a66f30997efd4df0",
            "private_dns": "ip-172-31-35-150.eu-north-1.compute.internal",
            "private_dns_name_options": [
              {
                "enable_resource_name_dns_a_record": false,
                "enable_resource_name_dns_aaaa_record": false,
                "hostname_type": "ip-name"
              }
            ],
            "private_ip": "172.31.35.150",
            "public_dns": "ec2-13-53-161-165.eu-north-1.compute.amazonaws.com",
            "public_ip": "13.53.161.165",
            "root_block_device": [
              {
                "delete_on_termination": true,
                "device_name": "/dev/xvda",
                "encrypted": false,
                "iops": 3000,
                "kms_key_id": "",
                "tags": {},
                "throughput": 125,
                "volume_id": "vol-0d74f07f019ba6e9a",
                "volume_size": 8,
                "volume_type": "gp3"
              }
            ],
            "secondary_private_ips": [],
            "security_groups": [
              "frontend_security"
            ],
            "source_dest_check": true,
            "subnet_id": "subnet-0eff2ad37b8e2eb87",
            "tags": {
              "Name": "frontend_prod"
            },
            "tags_all": {
              "Name": "frontend_prod"
            },
            "tenancy": "default",
            "timeouts": null,
            "user_data": null,
            "user_data_base64": null,
            "user_data_replace_on_change": false,
            "volume_tags": null,
            "vpc_security_group_ids": [
              "sg-0cdaa94d1d97dc960"
            ]
          },
          "sensitive_attributes": [],
          "private": "eyJlMmJmYjczMC1lY2FhLTExZTYtOGY4OC0zNDM2M2JjN2M0YzAiOnsiY3JlYXRlIjo2MDAwMDAwMDAwMDAsImRlbGV0ZSI6MTIwMDAwMDAwMDAwMCwidXBkYXRlIjo2MDAwMDAwMDAwMDB9LCJzY2hlbWFfdmVyc2lvbiI6IjEifQ==",
          "dependencies": [
            "data.aws_security_group.frontend_security"
          ]
        }
      ]
    },
    {
      "mode": "managed",
      "type": "local_file",
      "name": "file",
      "provider": "provider[\"registry.terraform.io/hashicorp/local\"]",
      "instances": [
        {
          "schema_version": 0,
          "attributes": {
            "content": "\n[frontend_prod]\n13.53.161.165\n\n",
            "content_base64": null,
            "content_base64sha256": "lDJryDJ0pG3MKS//JOkhFQZJtXP8LMkxbLeX9FlNUKE=",
            "content_base64sha512": "/DccMFUyGSDqbac6HAR0QvL5YPcHhL8Rsm6YWzfjpIZ00biRSa5fVp26Kfpy3Gh1HQVrxWzqHSBZnQWTIS8CJw==",
            "content_md5": "2815a1be913b99f05163b8f3eee403ca",
            "content_sha1": "fafea2940a7c36853839d3271ad313b02ea9bf4f",
            "content_sha256": "94326bc83274a46dcc292fff24e921150649b573fc2cc9316cb797f4594d50a1",
            "content_sha512": "fc371c3055321920ea6da73a1c047442f2f960f70784bf11b26e985b37e3a48674d1b89149ae5f569dba29fa72dc68751d056bc56cea1d20599d0593212f0227",
            "directory_permission": "0777",
            "file_permission": "0777",
            "filename": "host",
            "id": "fafea2940a7c36853839d3271ad313b02ea9bf4f",
            "sensitive_content": null,
            "source": null
          },
          "sensitive_attributes": [],
          "dependencies": [
            "aws_instance.frontend_prod_instance",
            "data.aws_security_group.frontend_security"
          ]
        }
      ]
    }
  ],
  "check_results": null
}
