{
  "version": 4,
  "terraform_version": "1.7.1",
  "serial": 143,
  "lineage": "96b445fe-2fe5-b3bc-19ab-282e328ee07d",
  "outputs": {},
  "resources": [
    {
      "mode": "data",
      "type": "aws_security_group",
      "name": "frontend_security",
      "provider": "provider[\"registry.terraform.io/hashicorp/aws\"]",
      "instances": [
        {
          "schema_version": 0,
          "attributes": {
            "arn": "arn:aws:ec2:eu-north-1:590183707361:security-group/sg-0cdaa94d1d97dc960",
            "description": "Managed by Terraform",
            "filter": null,
            "id": "sg-0cdaa94d1d97dc960",
            "name": "frontend_security",
            "tags": {},
            "timeouts": null,
            "vpc_id": "vpc-0334ddaeb1943f047"
          },
          "sensitive_attributes": []
        }
      ]
    },
    {
      "mode": "managed",
      "type": "aws_eip_association",
      "name": "frontend_association_EIP",
      "provider": "provider[\"registry.terraform.io/hashicorp/aws\"]",
      "instances": [
        {
          "schema_version": 0,
          "attributes": {
            "allocation_id": "eipalloc-09ffa3a87838fde99",
            "allow_reassociation": null,
            "id": "eipassoc-0fda0c4dada11b485",
            "instance_id": "i-0782d0e7f6d88ee41",
            "network_interface_id": "eni-0a2b32b1a7090eb0d",
            "private_ip_address": "172.31.41.227",
            "public_ip": "16.16.55.245"
          },
          "sensitive_attributes": [],
          "private": "bnVsbA==",
          "dependencies": [
            "aws_instance.frontend_prod_instance",
            "data.aws_security_group.frontend_security"
          ]
        }
      ]
    },
    {
      "mode": "managed",
      "type": "aws_instance",
      "name": "frontend_prod_instance",
      "provider": "provider[\"registry.terraform.io/hashicorp/aws\"]",
      "instances": [
        {
          "schema_version": 1,
          "attributes": {
            "ami": "ami-0506d6d51f1916a96",
            "arn": "arn:aws:ec2:eu-north-1:590183707361:instance/i-0782d0e7f6d88ee41",
            "associate_public_ip_address": true,
            "availability_zone": "eu-north-1b",
            "capacity_reservation_specification": [
              {
                "capacity_reservation_preference": "open",
                "capacity_reservation_target": []
              }
            ],
            "cpu_core_count": 1,
            "cpu_options": [
              {
                "amd_sev_snp": "",
                "core_count": 1,
                "threads_per_core": 2
              }
            ],
            "cpu_threads_per_core": 2,
            "credit_specification": [
              {
                "cpu_credits": "unlimited"
              }
            ],
            "disable_api_stop": false,
            "disable_api_termination": false,
            "ebs_block_device": [],
            "ebs_optimized": false,
            "enclave_options": [
              {
                "enabled": false
              }
            ],
            "ephemeral_block_device": [],
            "get_password_data": false,
            "hibernation": false,
            "host_id": "",
            "host_resource_group_arn": null,
            "iam_instance_profile": "",
            "id": "i-0782d0e7f6d88ee41",
            "instance_initiated_shutdown_behavior": "stop",
            "instance_state": "running",
            "instance_type": "t3.micro",
            "ipv6_address_count": 0,
            "ipv6_addresses": [],
            "key_name": "frontend",
            "launch_template": [],
            "maintenance_options": [
              {
                "auto_recovery": "default"
              }
            ],
            "metadata_options": [
              {
                "http_endpoint": "enabled",
                "http_put_response_hop_limit": 1,
                "http_tokens": "optional",
                "instance_metadata_tags": "disabled"
              }
            ],
            "monitoring": false,
            "network_interface": [],
            "outpost_arn": "",
            "password_data": "",
            "placement_group": "",
            "placement_partition_number": 0,
            "primary_network_interface_id": "eni-0a2b32b1a7090eb0d",
            "private_dns": "ip-172-31-41-227.eu-north-1.compute.internal",
            "private_dns_name_options": [
              {
                "enable_resource_name_dns_a_record": false,
                "enable_resource_name_dns_aaaa_record": false,
                "hostname_type": "ip-name"
              }
            ],
            "private_ip": "172.31.41.227",
            "public_dns": "ec2-51-20-64-15.eu-north-1.compute.amazonaws.com",
            "public_ip": "51.20.64.15",
            "root_block_device": [
              {
                "delete_on_termination": true,
                "device_name": "/dev/xvda",
                "encrypted": false,
                "iops": 3000,
                "kms_key_id": "",
                "tags": {},
                "throughput": 125,
                "volume_id": "vol-08a828c3c6fa31b16",
                "volume_size": 8,
                "volume_type": "gp3"
              }
            ],
            "secondary_private_ips": [],
            "security_groups": [
              "frontend_security"
            ],
            "source_dest_check": true,
            "subnet_id": "subnet-0eff2ad37b8e2eb87",
            "tags": {
              "Name": "frontend_prod"
            },
            "tags_all": {
              "Name": "frontend_prod"
            },
            "tenancy": "default",
            "timeouts": null,
            "user_data": null,
            "user_data_base64": null,
            "user_data_replace_on_change": false,
            "volume_tags": null,
            "vpc_security_group_ids": [
              "sg-0cdaa94d1d97dc960"
            ]
          },
          "sensitive_attributes": [],
          "private": "eyJlMmJmYjczMC1lY2FhLTExZTYtOGY4OC0zNDM2M2JjN2M0YzAiOnsiY3JlYXRlIjo2MDAwMDAwMDAwMDAsImRlbGV0ZSI6MTIwMDAwMDAwMDAwMCwidXBkYXRlIjo2MDAwMDAwMDAwMDB9LCJzY2hlbWFfdmVyc2lvbiI6IjEifQ==",
          "dependencies": [
            "data.aws_security_group.frontend_security"
          ]
        }
      ]
    },
    {
      "mode": "managed",
      "type": "local_file",
      "name": "file",
      "provider": "provider[\"registry.terraform.io/hashicorp/local\"]",
      "instances": [
        {
          "schema_version": 0,
          "attributes": {
            "content": "\n[frontend_prod]\n51.20.64.15\n\n",
            "content_base64": null,
            "content_base64sha256": "U1F/taSe1+A/cHLR7SPlqU2FHl/WS9voWckmIQJd2Fk=",
            "content_base64sha512": "tAag1zTa4PgZ229Vt3LyoazPyou5uz0PCTnH1x0Kw6zAe0Q0bjiJEFWRr8J+Psgc6JEMq9XKtYqOQzQjUCb4wA==",
            "content_md5": "d66a57026831dc02538eb865a546e44a",
            "content_sha1": "f5de54b4c3acedf4482c9fa142ffa841a96035db",
            "content_sha256": "53517fb5a49ed7e03f7072d1ed23e5a94d851e5fd64bdbe859c92621025dd859",
            "content_sha512": "b406a0d734dae0f819db6f55b772f2a1accfca8bb9bb3d0f0939c7d71d0ac3acc07b44346e3889105591afc27e3ec81ce8910cabd5cab58a8e4334235026f8c0",
            "directory_permission": "0777",
            "file_permission": "0777",
            "filename": "host",
            "id": "f5de54b4c3acedf4482c9fa142ffa841a96035db",
            "sensitive_content": null,
            "source": null
          },
          "sensitive_attributes": [],
          "dependencies": [
            "aws_instance.frontend_prod_instance",
            "data.aws_security_group.frontend_security"
          ]
        }
      ]
    }
  ],
  "check_results": null
}
